{
  "name": "spaserverexample",
  "version": "1.0.0",
  "lockfileVersion": 1,
  "requires": true,
  "dependencies": {
    "spaserver": {
      "version": "git+https://github.com/liborsvejda/spaserver.git#74255b452f1349094781e24afa2cd1bd3342c613",
      "from": "git+https://github.com/liborsvejda/spaserver.git"
    }
  }
}
